
Microsoft Visual Studio Solution File, Format Version 12.00
# Visual Studio 15
VisualStudioVersion = 15.0.26228.4
MinimumVisualStudioVersion = 10.0.40219.1
Project("{FAE04EC0-301F-11D3-BF4B-00C04F79EFBC}") = "CopyToClient", "DataModel\CopyToClient.csproj", "{7A810265-E2D4-43D4-A328-2864DC83274B}"
EndProject
Project("{FAE04EC0-301F-11D3-BF4B-00C04F79EFBC}") = "Poi", "EX\Extention\Poi\Poi.csproj", "{9FDA4727-EB4E-4436-A0BA-91AC68FC2D83}"
EndProject
Project("{FAE04EC0-301F-11D3-BF4B-00C04F79EFBC}") = "PoiExtention3.5", "EX\Extention\PoiExtention3.5\PoiExtention3.5.csproj", "{961BB7B1-D757-4D64-A966-7277E8F03B12}"
EndProject
Project("{FAE04EC0-301F-11D3-BF4B-00C04F79EFBC}") = "PoiExtention4.5", "EX\Extention\PoiExtention4.5\PoiExtention4.5.csproj", "{8FA3DBB6-18F8-4E7E-8CE2-62011F5D4832}"
EndProject
Project("{FAE04EC0-301F-11D3-BF4B-00C04F79EFBC}") = "ProtocolMessage", "ProtocolMessage\ProtocolMessage.csproj", "{B3B7814B-3B96-4E9B-B317-E9FE1CB5B938}"
EndProject
Project("{FAE04EC0-301F-11D3-BF4B-00C04F79EFBC}") = "MMONet", "MMONet\MMONet.csproj", "{6A580A9F-CEC9-4037-B39A-B750B307638F}"
EndProject
Project("{FAE04EC0-301F-11D3-BF4B-00C04F79EFBC}") = "ChatServer", "ChatServer\ChatServer.csproj", "{2C04D0CD-6F6C-4B63-8B23-BA8BB2CA8645}"
EndProject
Project("{FAE04EC0-301F-11D3-BF4B-00C04F79EFBC}") = "ChatServerProgram", "ChatServerProgram\ChatServerProgram.csproj", "{947DE873-8CDF-454D-874A-D4B3045DD5F3}"
EndProject
Project("{FAE04EC0-301F-11D3-BF4B-00C04F79EFBC}") = "ProtocolServerMessage", "ProtocolServerMessage\ProtocolServerMessage.csproj", "{96A9D404-567F-4936-979A-DF5EBD7328D4}"
EndProject
Project("{FAE04EC0-301F-11D3-BF4B-00C04F79EFBC}") = "GlobalServer", "GlobalServer\GlobalServer.csproj", "{A1DA0A1A-FB87-4A4C-8DDF-022CD1D9F42D}"
EndProject
Project("{FAE04EC0-301F-11D3-BF4B-00C04F79EFBC}") = "GlobalServerProgram", "GlobalServerProgram\GlobalServerProgram.csproj", "{90E336C6-5923-4109-AE4D-02F89ADC8E54}"
EndProject
Global
	GlobalSection(SolutionConfigurationPlatforms) = preSolution
		Debug|Any CPU = Debug|Any CPU
		DebugLAN|Any CPU = DebugLAN|Any CPU
		Release|Any CPU = Release|Any CPU
	EndGlobalSection
	GlobalSection(ProjectConfigurationPlatforms) = postSolution
		{7A810265-E2D4-43D4-A328-2864DC83274B}.Debug|Any CPU.ActiveCfg = Debug|Any CPU
		{7A810265-E2D4-43D4-A328-2864DC83274B}.Debug|Any CPU.Build.0 = Debug|Any CPU
		{7A810265-E2D4-43D4-A328-2864DC83274B}.DebugLAN|Any CPU.ActiveCfg = DebugLAN|Any CPU
		{7A810265-E2D4-43D4-A328-2864DC83274B}.DebugLAN|Any CPU.Build.0 = DebugLAN|Any CPU
		{7A810265-E2D4-43D4-A328-2864DC83274B}.Release|Any CPU.ActiveCfg = Release|Any CPU
		{7A810265-E2D4-43D4-A328-2864DC83274B}.Release|Any CPU.Build.0 = Release|Any CPU
		{9FDA4727-EB4E-4436-A0BA-91AC68FC2D83}.Debug|Any CPU.ActiveCfg = Debug|Any CPU
		{9FDA4727-EB4E-4436-A0BA-91AC68FC2D83}.Debug|Any CPU.Build.0 = Debug|Any CPU
		{9FDA4727-EB4E-4436-A0BA-91AC68FC2D83}.DebugLAN|Any CPU.ActiveCfg = DebugLAN|Any CPU
		{9FDA4727-EB4E-4436-A0BA-91AC68FC2D83}.DebugLAN|Any CPU.Build.0 = DebugLAN|Any CPU
		{9FDA4727-EB4E-4436-A0BA-91AC68FC2D83}.Release|Any CPU.ActiveCfg = Release|Any CPU
		{9FDA4727-EB4E-4436-A0BA-91AC68FC2D83}.Release|Any CPU.Build.0 = Release|Any CPU
		{961BB7B1-D757-4D64-A966-7277E8F03B12}.Debug|Any CPU.ActiveCfg = Debug|Any CPU
		{961BB7B1-D757-4D64-A966-7277E8F03B12}.Debug|Any CPU.Build.0 = Debug|Any CPU
		{961BB7B1-D757-4D64-A966-7277E8F03B12}.DebugLAN|Any CPU.ActiveCfg = DebugLAN|Any CPU
		{961BB7B1-D757-4D64-A966-7277E8F03B12}.DebugLAN|Any CPU.Build.0 = DebugLAN|Any CPU
		{961BB7B1-D757-4D64-A966-7277E8F03B12}.Release|Any CPU.ActiveCfg = Release|Any CPU
		{961BB7B1-D757-4D64-A966-7277E8F03B12}.Release|Any CPU.Build.0 = Release|Any CPU
		{8FA3DBB6-18F8-4E7E-8CE2-62011F5D4832}.Debug|Any CPU.ActiveCfg = Debug|Any CPU
		{8FA3DBB6-18F8-4E7E-8CE2-62011F5D4832}.Debug|Any CPU.Build.0 = Debug|Any CPU
		{8FA3DBB6-18F8-4E7E-8CE2-62011F5D4832}.DebugLAN|Any CPU.ActiveCfg = DebugLAN|Any CPU
		{8FA3DBB6-18F8-4E7E-8CE2-62011F5D4832}.DebugLAN|Any CPU.Build.0 = DebugLAN|Any CPU
		{8FA3DBB6-18F8-4E7E-8CE2-62011F5D4832}.Release|Any CPU.ActiveCfg = Release|Any CPU
		{8FA3DBB6-18F8-4E7E-8CE2-62011F5D4832}.Release|Any CPU.Build.0 = Release|Any CPU
		{B3B7814B-3B96-4E9B-B317-E9FE1CB5B938}.Debug|Any CPU.ActiveCfg = Debug|Any CPU
		{B3B7814B-3B96-4E9B-B317-E9FE1CB5B938}.Debug|Any CPU.Build.0 = Debug|Any CPU
		{B3B7814B-3B96-4E9B-B317-E9FE1CB5B938}.DebugLAN|Any CPU.ActiveCfg = DebugLAN|Any CPU
		{B3B7814B-3B96-4E9B-B317-E9FE1CB5B938}.DebugLAN|Any CPU.Build.0 = DebugLAN|Any CPU
		{B3B7814B-3B96-4E9B-B317-E9FE1CB5B938}.Release|Any CPU.ActiveCfg = Release|Any CPU
		{B3B7814B-3B96-4E9B-B317-E9FE1CB5B938}.Release|Any CPU.Build.0 = Release|Any CPU
		{6A580A9F-CEC9-4037-B39A-B750B307638F}.Debug|Any CPU.ActiveCfg = Debug|Any CPU
		{6A580A9F-CEC9-4037-B39A-B750B307638F}.Debug|Any CPU.Build.0 = Debug|Any CPU
		{6A580A9F-CEC9-4037-B39A-B750B307638F}.DebugLAN|Any CPU.ActiveCfg = DebugLAN|Any CPU
		{6A580A9F-CEC9-4037-B39A-B750B307638F}.DebugLAN|Any CPU.Build.0 = DebugLAN|Any CPU
		{6A580A9F-CEC9-4037-B39A-B750B307638F}.Release|Any CPU.ActiveCfg = Release|Any CPU
		{6A580A9F-CEC9-4037-B39A-B750B307638F}.Release|Any CPU.Build.0 = Release|Any CPU
		{2C04D0CD-6F6C-4B63-8B23-BA8BB2CA8645}.Debug|Any CPU.ActiveCfg = Debug|Any CPU
		{2C04D0CD-6F6C-4B63-8B23-BA8BB2CA8645}.Debug|Any CPU.Build.0 = Debug|Any CPU
		{2C04D0CD-6F6C-4B63-8B23-BA8BB2CA8645}.DebugLAN|Any CPU.ActiveCfg = DebugLAN|Any CPU
		{2C04D0CD-6F6C-4B63-8B23-BA8BB2CA8645}.DebugLAN|Any CPU.Build.0 = DebugLAN|Any CPU
		{2C04D0CD-6F6C-4B63-8B23-BA8BB2CA8645}.Release|Any CPU.ActiveCfg = Release|Any CPU
		{2C04D0CD-6F6C-4B63-8B23-BA8BB2CA8645}.Release|Any CPU.Build.0 = Release|Any CPU
		{947DE873-8CDF-454D-874A-D4B3045DD5F3}.Debug|Any CPU.ActiveCfg = Debug|Any CPU
		{947DE873-8CDF-454D-874A-D4B3045DD5F3}.Debug|Any CPU.Build.0 = Debug|Any CPU
		{947DE873-8CDF-454D-874A-D4B3045DD5F3}.DebugLAN|Any CPU.ActiveCfg = DebugLAN|Any CPU
		{947DE873-8CDF-454D-874A-D4B3045DD5F3}.DebugLAN|Any CPU.Build.0 = DebugLAN|Any CPU
		{947DE873-8CDF-454D-874A-D4B3045DD5F3}.Release|Any CPU.ActiveCfg = Release|Any CPU
		{947DE873-8CDF-454D-874A-D4B3045DD5F3}.Release|Any CPU.Build.0 = Release|Any CPU
		{96A9D404-567F-4936-979A-DF5EBD7328D4}.Debug|Any CPU.ActiveCfg = Debug|Any CPU
		{96A9D404-567F-4936-979A-DF5EBD7328D4}.Debug|Any CPU.Build.0 = Debug|Any CPU
		{96A9D404-567F-4936-979A-DF5EBD7328D4}.DebugLAN|Any CPU.ActiveCfg = DebugLAN|Any CPU
		{96A9D404-567F-4936-979A-DF5EBD7328D4}.DebugLAN|Any CPU.Build.0 = DebugLAN|Any CPU
		{96A9D404-567F-4936-979A-DF5EBD7328D4}.Release|Any CPU.ActiveCfg = Release|Any CPU
		{96A9D404-567F-4936-979A-DF5EBD7328D4}.Release|Any CPU.Build.0 = Release|Any CPU
		{A1DA0A1A-FB87-4A4C-8DDF-022CD1D9F42D}.Debug|Any CPU.ActiveCfg = Debug|Any CPU
		{A1DA0A1A-FB87-4A4C-8DDF-022CD1D9F42D}.Debug|Any CPU.Build.0 = Debug|Any CPU
		{A1DA0A1A-FB87-4A4C-8DDF-022CD1D9F42D}.DebugLAN|Any CPU.ActiveCfg = DebugLAN|Any CPU
		{A1DA0A1A-FB87-4A4C-8DDF-022CD1D9F42D}.DebugLAN|Any CPU.Build.0 = DebugLAN|Any CPU
		{A1DA0A1A-FB87-4A4C-8DDF-022CD1D9F42D}.Release|Any CPU.ActiveCfg = Release|Any CPU
		{A1DA0A1A-FB87-4A4C-8DDF-022CD1D9F42D}.Release|Any CPU.Build.0 = Release|Any CPU
		{90E336C6-5923-4109-AE4D-02F89ADC8E54}.Debug|Any CPU.ActiveCfg = Debug|Any CPU
		{90E336C6-5923-4109-AE4D-02F89ADC8E54}.Debug|Any CPU.Build.0 = Debug|Any CPU
		{90E336C6-5923-4109-AE4D-02F89ADC8E54}.DebugLAN|Any CPU.ActiveCfg = DebugLAN|Any CPU
		{90E336C6-5923-4109-AE4D-02F89ADC8E54}.DebugLAN|Any CPU.Build.0 = DebugLAN|Any CPU
		{90E336C6-5923-4109-AE4D-02F89ADC8E54}.Release|Any CPU.ActiveCfg = Release|Any CPU
		{90E336C6-5923-4109-AE4D-02F89ADC8E54}.Release|Any CPU.Build.0 = Release|Any CPU
	EndGlobalSection
	GlobalSection(SolutionProperties) = preSolution
		HideSolutionNode = FALSE
	EndGlobalSection
EndGlobal
